
Microsoft Visual Studio Solution File, Format Version 12.00
# Visual Studio 15
VisualStudioVersion = 15.0.27703.2026
MinimumVisualStudioVersion = 10.0.40219.1
Project("{FAE04EC0-301F-11D3-BF4B-00C04F79EFBC}") = "MyTestApp", "MyTestApp\MyTestApp.csproj", "{F565CE86-4137-4201-B608-0079FD41FB5F}"
EndProject
Global
	GlobalSection(SolutionConfigurationPlatforms) = preSolution
		Debug|Any CPU = Debug|Any CPU
		Release|Any CPU = Release|Any CPU
	EndGlobalSection
	GlobalSection(ProjectConfigurationPlatforms) = postSolution
		{F565CE86-4137-4201-B608-0079FD41FB5F}.Debug|Any CPU.ActiveCfg = Debug|Any CPU
		{F565CE86-4137-4201-B608-0079FD41FB5F}.Debug|Any CPU.Build.0 = Debug|Any CPU
		{F565CE86-4137-4201-B608-0079FD41FB5F}.Release|Any CPU.ActiveCfg = Release|Any CPU
		{F565CE86-4137-4201-B608-0079FD41FB5F}.Release|Any CPU.Build.0 = Release|Any CPU
	EndGlobalSection
	GlobalSection(SolutionProperties) = preSolution
		HideSolutionNode = FALSE
	EndGlobalSection
	GlobalSection(ExtensibilityGlobals) = postSolution
		SolutionGuid = {F61529B5-B49D-4F4E-B0AD-8BA3F4F4094D}
	EndGlobalSection
EndGlobal
